
Microsoft Visual Studio Solution File, Format Version 12.00
# Visual Studio 15
VisualStudioVersion = 15.0.28010.2016
MinimumVisualStudioVersion = 10.0.40219.1
Project("{FAE04EC0-301F-11D3-BF4B-00C04F79EFBC}") = "WVB.Framework.EntityFrameworkRepository", "WVB.Framework.EntityFrameworkRepository\WVB.Framework.EntityFrameworkRepository.csproj", "{B87C5BB6-5FE0-4405-AE72-FFFB658415B0}"
EndProject
Project("{FAE04EC0-301F-11D3-BF4B-00C04F79EFBC}") = "WVB.Framework.EntityFrameworkRepository.UnitTest", "WVB.Framework.EntityFrameworkRepository.UnitTest\WVB.Framework.EntityFrameworkRepository.UnitTest.csproj", "{75B7B897-E6F2-4E99-B09B-B34FBFE71561}"
EndProject
Global
	GlobalSection(SolutionConfigurationPlatforms) = preSolution
		Debug|Any CPU = Debug|Any CPU
		Release|Any CPU = Release|Any CPU
	EndGlobalSection
	GlobalSection(ProjectConfigurationPlatforms) = postSolution
		{B87C5BB6-5FE0-4405-AE72-FFFB658415B0}.Debug|Any CPU.ActiveCfg = Debug|Any CPU
		{B87C5BB6-5FE0-4405-AE72-FFFB658415B0}.Debug|Any CPU.Build.0 = Debug|Any CPU
		{B87C5BB6-5FE0-4405-AE72-FFFB658415B0}.Release|Any CPU.ActiveCfg = Release|Any CPU
		{B87C5BB6-5FE0-4405-AE72-FFFB658415B0}.Release|Any CPU.Build.0 = Release|Any CPU
		{75B7B897-E6F2-4E99-B09B-B34FBFE71561}.Debug|Any CPU.ActiveCfg = Debug|Any CPU
		{75B7B897-E6F2-4E99-B09B-B34FBFE71561}.Debug|Any CPU.Build.0 = Debug|Any CPU
		{75B7B897-E6F2-4E99-B09B-B34FBFE71561}.Release|Any CPU.ActiveCfg = Release|Any CPU
		{75B7B897-E6F2-4E99-B09B-B34FBFE71561}.Release|Any CPU.Build.0 = Release|Any CPU
	EndGlobalSection
	GlobalSection(SolutionProperties) = preSolution
		HideSolutionNode = FALSE
	EndGlobalSection
	GlobalSection(ExtensibilityGlobals) = postSolution
		SolutionGuid = {B465B54C-E4D7-43C5-9BD3-2DCB050C3CA8}
	EndGlobalSection
EndGlobal
